// !$*UTF8*$!
{
	archiveVersion = 1;
	classes = {
	};
	objectVersion = 55;
	objects = {

/* Begin PBXBuildFile section */
		044080A9C3FB1BAB8C3F7A30 /* Pods_ArcticFoxAudio_ArcticFoxAudioUITests.framework in Frameworks */ = {isa = PBXBuildFile; fileRef = B5480BEBAA7607050F910840 /* Pods_ArcticFoxAudio_ArcticFoxAudioUITests.framework */; };
		716464A6276193EB007F4D45 /* Tab.swift in Sources */ = {isa = PBXBuildFile; fileRef = 716464A5276193EB007F4D45 /* Tab.swift */; };
		716464AB27655114007F4D45 /* splash.json in Resources */ = {isa = PBXBuildFile; fileRef = 716464AA27655114007F4D45 /* splash.json */; };
		716464AD2765768A007F4D45 /* resetPassView.swift in Sources */ = {isa = PBXBuildFile; fileRef = 716464AC2765768A007F4D45 /* resetPassView.swift */; };
		716464AF2766B43A007F4D45 /* BrowseView.swift in Sources */ = {isa = PBXBuildFile; fileRef = 716464AE2766B43A007F4D45 /* BrowseView.swift */; };
		716464B22766B777007F4D45 /* GlobalProfile.swift in Sources */ = {isa = PBXBuildFile; fileRef = 716464B12766B777007F4D45 /* GlobalProfile.swift */; };
		716464B42766B786007F4D45 /* AuthProfile.swift in Sources */ = {isa = PBXBuildFile; fileRef = 716464B32766B785007F4D45 /* AuthProfile.swift */; };
		716464B62766BF68007F4D45 /* RecentlyView.swift in Sources */ = {isa = PBXBuildFile; fileRef = 716464B52766BF68007F4D45 /* RecentlyView.swift */; };
		716464B82766CC44007F4D45 /* Download.swift in Sources */ = {isa = PBXBuildFile; fileRef = 716464B72766CC44007F4D45 /* Download.swift */; };
		716464BC2766CC6D007F4D45 /* BarGraph.swift in Sources */ = {isa = PBXBuildFile; fileRef = 716464BB2766CC6D007F4D45 /* BarGraph.swift */; };
		716464BE27692378007F4D45 /* Miniplayer.swift in Sources */ = {isa = PBXBuildFile; fileRef = 716464BD27692378007F4D45 /* Miniplayer.swift */; };
		716464C0276923BC007F4D45 /* BlurView.swift in Sources */ = {isa = PBXBuildFile; fileRef = 716464BF276923BC007F4D45 /* BlurView.swift */; };
		716464C227693594007F4D45 /* FillerView.swift in Sources */ = {isa = PBXBuildFile; fileRef = 716464C127693594007F4D45 /* FillerView.swift */; };
		7184FBD4275EDD7B0090D15A /* ArcticFoxAudioApp.swift in Sources */ = {isa = PBXBuildFile; fileRef = 7184FBD3275EDD7B0090D15A /* ArcticFoxAudioApp.swift */; };
		7184FBD8275EDD7C0090D15A /* Assets.xcassets in Resources */ = {isa = PBXBuildFile; fileRef = 7184FBD7275EDD7C0090D15A /* Assets.xcassets */; };
		7184FBDB275EDD7C0090D15A /* Preview Assets.xcassets in Resources */ = {isa = PBXBuildFile; fileRef = 7184FBDA275EDD7C0090D15A /* Preview Assets.xcassets */; };
		7184FBE5275EDD7C0090D15A /* ArcticFoxAudioTests.swift in Sources */ = {isa = PBXBuildFile; fileRef = 7184FBE4275EDD7C0090D15A /* ArcticFoxAudioTests.swift */; };
		7184FBEF275EDD7D0090D15A /* ArcticFoxAudioUITests.swift in Sources */ = {isa = PBXBuildFile; fileRef = 7184FBEE275EDD7D0090D15A /* ArcticFoxAudioUITests.swift */; };
		7184FBF1275EDD7D0090D15A /* ArcticFoxAudioUITestsLaunchTests.swift in Sources */ = {isa = PBXBuildFile; fileRef = 7184FBF0275EDD7D0090D15A /* ArcticFoxAudioUITestsLaunchTests.swift */; };
		7184FBFE275EE3FA0090D15A /* SignUpView.swift in Sources */ = {isa = PBXBuildFile; fileRef = 7184FBFD275EE3FA0090D15A /* SignUpView.swift */; };
		7184FC00275EE40A0090D15A /* LoginView.swift in Sources */ = {isa = PBXBuildFile; fileRef = 7184FBFF275EE40A0090D15A /* LoginView.swift */; };
		7184FC02275EE44C0090D15A /* ForgotPasswordView.swift in Sources */ = {isa = PBXBuildFile; fileRef = 7184FC01275EE44C0090D15A /* ForgotPasswordView.swift */; };
		7184FC04275EE4780090D15A /* OnboardingView.swift in Sources */ = {isa = PBXBuildFile; fileRef = 7184FC03275EE4780090D15A /* OnboardingView.swift */; };
		7184FC06275EE48F0090D15A /* HomeView.swift in Sources */ = {isa = PBXBuildFile; fileRef = 7184FC05275EE48F0090D15A /* HomeView.swift */; };
		7184FC08275EE4AC0090D15A /* SettingsView.swift in Sources */ = {isa = PBXBuildFile; fileRef = 7184FC07275EE4AC0090D15A /* SettingsView.swift */; };
		7184FC0C275EE5190090D15A /* BookView.swift in Sources */ = {isa = PBXBuildFile; fileRef = 7184FC0B275EE5190090D15A /* BookView.swift */; };
		7184FC0E275EE5300090D15A /* ChapterView.swift in Sources */ = {isa = PBXBuildFile; fileRef = 7184FC0D275EE5300090D15A /* ChapterView.swift */; };
		7184FC13275F07140090D15A /* SideTabView.swift in Sources */ = {isa = PBXBuildFile; fileRef = 7184FC12275F07140090D15A /* SideTabView.swift */; };
		7184FC16275F07590090D15A /* Song.swift in Sources */ = {isa = PBXBuildFile; fileRef = 7184FC15275F07590090D15A /* Song.swift */; };
		BFDD3B1F83D8B2E58F4FD02F /* Pods_ArcticFoxAudioTests.framework in Frameworks */ = {isa = PBXBuildFile; fileRef = 018FE72AFAE9B26E552EF269 /* Pods_ArcticFoxAudioTests.framework */; };
		D23986A4E54FDF21CE25906A /* Pods_ArcticFoxAudio.framework in Frameworks */ = {isa = PBXBuildFile; fileRef = EB32AF9D7D8FCA5DFA27E904 /* Pods_ArcticFoxAudio.framework */; };
/* End PBXBuildFile section */

/* Begin PBXContainerItemProxy section */
		7184FBE1275EDD7C0090D15A /* PBXContainerItemProxy */ = {
			isa = PBXContainerItemProxy;
			containerPortal = 7184FBC8275EDD7B0090D15A /* Project object */;
			proxyType = 1;
			remoteGlobalIDString = 7184FBCF275EDD7B0090D15A;
			remoteInfo = ArcticFoxAudio;
		};
		7184FBEB275EDD7D0090D15A /* PBXContainerItemProxy */ = {
			isa = PBXContainerItemProxy;
			containerPortal = 7184FBC8275EDD7B0090D15A /* Project object */;
			proxyType = 1;
			remoteGlobalIDString = 7184FBCF275EDD7B0090D15A;
			remoteInfo = ArcticFoxAudio;
		};
/* End PBXContainerItemProxy section */

/* Begin PBXFileReference section */
		018FE72AFAE9B26E552EF269 /* Pods_ArcticFoxAudioTests.framework */ = {isa = PBXFileReference; explicitFileType = wrapper.framework; includeInIndex = 0; path = Pods_ArcticFoxAudioTests.framework; sourceTree = BUILT_PRODUCTS_DIR; };
		0728ED56F52D6F242782780B /* Pods-ArcticFoxAudio-ArcticFoxAudioUITests.debug.xcconfig */ = {isa = PBXFileReference; includeInIndex = 1; lastKnownFileType = text.xcconfig; name = "Pods-ArcticFoxAudio-ArcticFoxAudioUITests.debug.xcconfig"; path = "Target Support Files/Pods-ArcticFoxAudio-ArcticFoxAudioUITests/Pods-ArcticFoxAudio-ArcticFoxAudioUITests.debug.xcconfig"; sourceTree = "<group>"; };
		23395E8C0B71233B8D1D1359 /* Pods-ArcticFoxAudioTests.release.xcconfig */ = {isa = PBXFileReference; includeInIndex = 1; lastKnownFileType = text.xcconfig; name = "Pods-ArcticFoxAudioTests.release.xcconfig"; path = "Target Support Files/Pods-ArcticFoxAudioTests/Pods-ArcticFoxAudioTests.release.xcconfig"; sourceTree = "<group>"; };
		267511BE17A8E9228998CC2F /* Pods-ArcticFoxAudio.release.xcconfig */ = {isa = PBXFileReference; includeInIndex = 1; lastKnownFileType = text.xcconfig; name = "Pods-ArcticFoxAudio.release.xcconfig"; path = "Target Support Files/Pods-ArcticFoxAudio/Pods-ArcticFoxAudio.release.xcconfig"; sourceTree = "<group>"; };
		716464A5276193EB007F4D45 /* Tab.swift */ = {isa = PBXFileReference; lastKnownFileType = sourcecode.swift; path = Tab.swift; sourceTree = "<group>"; };
		716464AA27655114007F4D45 /* splash.json */ = {isa = PBXFileReference; fileEncoding = 4; lastKnownFileType = text.json; name = splash.json; path = ../../../../splash.json; sourceTree = "<group>"; };
		716464AC2765768A007F4D45 /* resetPassView.swift */ = {isa = PBXFileReference; lastKnownFileType = sourcecode.swift; path = resetPassView.swift; sourceTree = "<group>"; };
		716464AE2766B43A007F4D45 /* BrowseView.swift */ = {isa = PBXFileReference; lastKnownFileType = sourcecode.swift; path = BrowseView.swift; sourceTree = "<group>"; };
		716464B12766B777007F4D45 /* GlobalProfile.swift */ = {isa = PBXFileReference; lastKnownFileType = sourcecode.swift; path = GlobalProfile.swift; sourceTree = "<group>"; };
		716464B32766B785007F4D45 /* AuthProfile.swift */ = {isa = PBXFileReference; lastKnownFileType = sourcecode.swift; path = AuthProfile.swift; sourceTree = "<group>"; };
		716464B52766BF68007F4D45 /* RecentlyView.swift */ = {isa = PBXFileReference; lastKnownFileType = sourcecode.swift; path = RecentlyView.swift; sourceTree = "<group>"; };
		716464B72766CC44007F4D45 /* Download.swift */ = {isa = PBXFileReference; lastKnownFileType = sourcecode.swift; path = Download.swift; sourceTree = "<group>"; };
		716464BB2766CC6D007F4D45 /* BarGraph.swift */ = {isa = PBXFileReference; lastKnownFileType = sourcecode.swift; path = BarGraph.swift; sourceTree = "<group>"; };
		716464BD27692378007F4D45 /* Miniplayer.swift */ = {isa = PBXFileReference; lastKnownFileType = sourcecode.swift; path = Miniplayer.swift; sourceTree = "<group>"; };
		716464BF276923BC007F4D45 /* BlurView.swift */ = {isa = PBXFileReference; lastKnownFileType = sourcecode.swift; path = BlurView.swift; sourceTree = "<group>"; };
		716464C127693594007F4D45 /* FillerView.swift */ = {isa = PBXFileReference; lastKnownFileType = sourcecode.swift; path = FillerView.swift; sourceTree = "<group>"; };
		7184FBD0275EDD7B0090D15A /* ArcticFoxAudio.app */ = {isa = PBXFileReference; explicitFileType = wrapper.application; includeInIndex = 0; path = ArcticFoxAudio.app; sourceTree = BUILT_PRODUCTS_DIR; };
		7184FBD3275EDD7B0090D15A /* ArcticFoxAudioApp.swift */ = {isa = PBXFileReference; lastKnownFileType = sourcecode.swift; path = ArcticFoxAudioApp.swift; sourceTree = "<group>"; };
		7184FBD7275EDD7C0090D15A /* Assets.xcassets */ = {isa = PBXFileReference; lastKnownFileType = folder.assetcatalog; path = Assets.xcassets; sourceTree = "<group>"; };
		7184FBDA275EDD7C0090D15A /* Preview Assets.xcassets */ = {isa = PBXFileReference; lastKnownFileType = folder.assetcatalog; path = "Preview Assets.xcassets"; sourceTree = "<group>"; };
		7184FBE0275EDD7C0090D15A /* ArcticFoxAudioTests.xctest */ = {isa = PBXFileReference; explicitFileType = wrapper.cfbundle; includeInIndex = 0; path = ArcticFoxAudioTests.xctest; sourceTree = BUILT_PRODUCTS_DIR; };
		7184FBE4275EDD7C0090D15A /* ArcticFoxAudioTests.swift */ = {isa = PBXFileReference; lastKnownFileType = sourcecode.swift; path = ArcticFoxAudioTests.swift; sourceTree = "<group>"; };
		7184FBEA275EDD7D0090D15A /* ArcticFoxAudioUITests.xctest */ = {isa = PBXFileReference; explicitFileType = wrapper.cfbundle; includeInIndex = 0; path = ArcticFoxAudioUITests.xctest; sourceTree = BUILT_PRODUCTS_DIR; };
		7184FBEE275EDD7D0090D15A /* ArcticFoxAudioUITests.swift */ = {isa = PBXFileReference; lastKnownFileType = sourcecode.swift; path = ArcticFoxAudioUITests.swift; sourceTree = "<group>"; };
		7184FBF0275EDD7D0090D15A /* ArcticFoxAudioUITestsLaunchTests.swift */ = {isa = PBXFileReference; lastKnownFileType = sourcecode.swift; path = ArcticFoxAudioUITestsLaunchTests.swift; sourceTree = "<group>"; };
		7184FBFD275EE3FA0090D15A /* SignUpView.swift */ = {isa = PBXFileReference; lastKnownFileType = sourcecode.swift; path = SignUpView.swift; sourceTree = "<group>"; };
		7184FBFF275EE40A0090D15A /* LoginView.swift */ = {isa = PBXFileReference; lastKnownFileType = sourcecode.swift; path = LoginView.swift; sourceTree = "<group>"; };
		7184FC01275EE44C0090D15A /* ForgotPasswordView.swift */ = {isa = PBXFileReference; lastKnownFileType = sourcecode.swift; path = ForgotPasswordView.swift; sourceTree = "<group>"; };
		7184FC03275EE4780090D15A /* OnboardingView.swift */ = {isa = PBXFileReference; lastKnownFileType = sourcecode.swift; path = OnboardingView.swift; sourceTree = "<group>"; };
		7184FC05275EE48F0090D15A /* HomeView.swift */ = {isa = PBXFileReference; lastKnownFileType = sourcecode.swift; path = HomeView.swift; sourceTree = "<group>"; };
		7184FC07275EE4AC0090D15A /* SettingsView.swift */ = {isa = PBXFileReference; lastKnownFileType = sourcecode.swift; path = SettingsView.swift; sourceTree = "<group>"; };
		7184FC0B275EE5190090D15A /* BookView.swift */ = {isa = PBXFileReference; lastKnownFileType = sourcecode.swift; path = BookView.swift; sourceTree = "<group>"; };
		7184FC0D275EE5300090D15A /* ChapterView.swift */ = {isa = PBXFileReference; lastKnownFileType = sourcecode.swift; path = ChapterView.swift; sourceTree = "<group>"; };
		7184FC12275F07140090D15A /* SideTabView.swift */ = {isa = PBXFileReference; lastKnownFileType = sourcecode.swift; path = SideTabView.swift; sourceTree = "<group>"; };
		7184FC15275F07590090D15A /* Song.swift */ = {isa = PBXFileReference; lastKnownFileType = sourcecode.swift; path = Song.swift; sourceTree = "<group>"; };
		864162374BD0DEA82DB4470F /* Pods-ArcticFoxAudioTests.debug.xcconfig */ = {isa = PBXFileReference; includeInIndex = 1; lastKnownFileType = text.xcconfig; name = "Pods-ArcticFoxAudioTests.debug.xcconfig"; path = "Target Support Files/Pods-ArcticFoxAudioTests/Pods-ArcticFoxAudioTests.debug.xcconfig"; sourceTree = "<group>"; };
		B5480BEBAA7607050F910840 /* Pods_ArcticFoxAudio_ArcticFoxAudioUITests.framework */ = {isa = PBXFileReference; explicitFileType = wrapper.framework; includeInIndex = 0; path = Pods_ArcticFoxAudio_ArcticFoxAudioUITests.framework; sourceTree = BUILT_PRODUCTS_DIR; };
		BC069CA4909B6EEB6FF70D40 /* Pods-ArcticFoxAudio-ArcticFoxAudioUITests.release.xcconfig */ = {isa = PBXFileReference; includeInIndex = 1; lastKnownFileType = text.xcconfig; name = "Pods-ArcticFoxAudio-ArcticFoxAudioUITests.release.xcconfig"; path = "Target Support Files/Pods-ArcticFoxAudio-ArcticFoxAudioUITests/Pods-ArcticFoxAudio-ArcticFoxAudioUITests.release.xcconfig"; sourceTree = "<group>"; };
		EB32AF9D7D8FCA5DFA27E904 /* Pods_ArcticFoxAudio.framework */ = {isa = PBXFileReference; explicitFileType = wrapper.framework; includeInIndex = 0; path = Pods_ArcticFoxAudio.framework; sourceTree = BUILT_PRODUCTS_DIR; };
		FC87FB88CABEE0DB8658118E /* Pods-ArcticFoxAudio.debug.xcconfig */ = {isa = PBXFileReference; includeInIndex = 1; lastKnownFileType = text.xcconfig; name = "Pods-ArcticFoxAudio.debug.xcconfig"; path = "Target Support Files/Pods-ArcticFoxAudio/Pods-ArcticFoxAudio.debug.xcconfig"; sourceTree = "<group>"; };
/* End PBXFileReference section */

/* Begin PBXFrameworksBuildPhase section */
		7184FBCD275EDD7B0090D15A /* Frameworks */ = {
			isa = PBXFrameworksBuildPhase;
			buildActionMask = 2147483647;
			files = (
				D23986A4E54FDF21CE25906A /* Pods_ArcticFoxAudio.framework in Frameworks */,
			);
			runOnlyForDeploymentPostprocessing = 0;
		};
		7184FBDD275EDD7C0090D15A /* Frameworks */ = {
			isa = PBXFrameworksBuildPhase;
			buildActionMask = 2147483647;
			files = (
				BFDD3B1F83D8B2E58F4FD02F /* Pods_ArcticFoxAudioTests.framework in Frameworks */,
			);
			runOnlyForDeploymentPostprocessing = 0;
		};
		7184FBE7275EDD7D0090D15A /* Frameworks */ = {
			isa = PBXFrameworksBuildPhase;
			buildActionMask = 2147483647;
			files = (
				044080A9C3FB1BAB8C3F7A30 /* Pods_ArcticFoxAudio_ArcticFoxAudioUITests.framework in Frameworks */,
			);
			runOnlyForDeploymentPostprocessing = 0;
		};
/* End PBXFrameworksBuildPhase section */

/* Begin PBXGroup section */
		1F7E66F7064A35279059C1E2 /* Frameworks */ = {
			isa = PBXGroup;
			children = (
				EB32AF9D7D8FCA5DFA27E904 /* Pods_ArcticFoxAudio.framework */,
				B5480BEBAA7607050F910840 /* Pods_ArcticFoxAudio_ArcticFoxAudioUITests.framework */,
				018FE72AFAE9B26E552EF269 /* Pods_ArcticFoxAudioTests.framework */,
			);
			name = Frameworks;
			sourceTree = "<group>";
		};
		716464A727654908007F4D45 /* Helpers */ = {
			isa = PBXGroup;
			children = (
				716464AA27655114007F4D45 /* splash.json */,
				716464BB2766CC6D007F4D45 /* BarGraph.swift */,
				716464BF276923BC007F4D45 /* BlurView.swift */,
			);
			path = Helpers;
			sourceTree = "<group>";
		};
		716464B02766B751007F4D45 /* Globals */ = {
			isa = PBXGroup;
			children = (
				716464B12766B777007F4D45 /* GlobalProfile.swift */,
				716464B32766B785007F4D45 /* AuthProfile.swift */,
			);
			path = Globals;
			sourceTree = "<group>";
		};
		716464C327693683007F4D45 /* Authentication */ = {
			isa = PBXGroup;
			children = (
				7184FBFD275EE3FA0090D15A /* SignUpView.swift */,
				7184FBFF275EE40A0090D15A /* LoginView.swift */,
				7184FC01275EE44C0090D15A /* ForgotPasswordView.swift */,
				7184FC03275EE4780090D15A /* OnboardingView.swift */,
				716464AC2765768A007F4D45 /* resetPassView.swift */,
			);
			path = Authentication;
			sourceTree = "<group>";
		};
		716464C4276936A2007F4D45 /* Playing */ = {
			isa = PBXGroup;
			children = (
				7184FC0D275EE5300090D15A /* ChapterView.swift */,
				7184FC0B275EE5190090D15A /* BookView.swift */,
				716464BD27692378007F4D45 /* Miniplayer.swift */,
				716464C127693594007F4D45 /* FillerView.swift */,
			);
			path = Playing;
			sourceTree = "<group>";
		};
		7184FBC7275EDD7B0090D15A = {
			isa = PBXGroup;
			children = (
				7184FBD2275EDD7B0090D15A /* ArcticFoxAudio */,
				7184FBE3275EDD7C0090D15A /* ArcticFoxAudioTests */,
				7184FBED275EDD7D0090D15A /* ArcticFoxAudioUITests */,
				7184FBD1275EDD7B0090D15A /* Products */,
				7248B8106088AE98E173CB75 /* Pods */,
				1F7E66F7064A35279059C1E2 /* Frameworks */,
			);
			sourceTree = "<group>";
		};
		7184FBD1275EDD7B0090D15A /* Products */ = {
			isa = PBXGroup;
			children = (
				7184FBD0275EDD7B0090D15A /* ArcticFoxAudio.app */,
				7184FBE0275EDD7C0090D15A /* ArcticFoxAudioTests.xctest */,
				7184FBEA275EDD7D0090D15A /* ArcticFoxAudioUITests.xctest */,
			);
			name = Products;
			sourceTree = "<group>";
		};
		7184FBD2275EDD7B0090D15A /* ArcticFoxAudio */ = {
			isa = PBXGroup;
			children = (
				716464B02766B751007F4D45 /* Globals */,
				716464A727654908007F4D45 /* Helpers */,
				7184FC14275F07420090D15A /* Model */,
				7184FC11275EE5710090D15A /* ContentViews */,
				7184FBD3275EDD7B0090D15A /* ArcticFoxAudioApp.swift */,
				7184FBD7275EDD7C0090D15A /* Assets.xcassets */,
				7184FBD9275EDD7C0090D15A /* Preview Content */,
			);
			path = ArcticFoxAudio;
			sourceTree = "<group>";
		};
		7184FBD9275EDD7C0090D15A /* Preview Content */ = {
			isa = PBXGroup;
			children = (
				7184FBDA275EDD7C0090D15A /* Preview Assets.xcassets */,
			);
			path = "Preview Content";
			sourceTree = "<group>";
		};
		7184FBE3275EDD7C0090D15A /* ArcticFoxAudioTests */ = {
			isa = PBXGroup;
			children = (
				7184FBE4275EDD7C0090D15A /* ArcticFoxAudioTests.swift */,
			);
			path = ArcticFoxAudioTests;
			sourceTree = "<group>";
		};
		7184FBED275EDD7D0090D15A /* ArcticFoxAudioUITests */ = {
			isa = PBXGroup;
			children = (
				7184FBEE275EDD7D0090D15A /* ArcticFoxAudioUITests.swift */,
				7184FBF0275EDD7D0090D15A /* ArcticFoxAudioUITestsLaunchTests.swift */,
			);
			path = ArcticFoxAudioUITests;
			sourceTree = "<group>";
		};
		7184FC11275EE5710090D15A /* ContentViews */ = {
			isa = PBXGroup;
			children = (
				716464C4276936A2007F4D45 /* Playing */,
				716464C327693683007F4D45 /* Authentication */,
				7184FC05275EE48F0090D15A /* HomeView.swift */,
				7184FC07275EE4AC0090D15A /* SettingsView.swift */,
				7184FC12275F07140090D15A /* SideTabView.swift */,
				716464AE2766B43A007F4D45 /* BrowseView.swift */,
				716464B52766BF68007F4D45 /* RecentlyView.swift */,
			);
			path = ContentViews;
			sourceTree = "<group>";
		};
		7184FC14275F07420090D15A /* Model */ = {
			isa = PBXGroup;
			children = (
				7184FC15275F07590090D15A /* Song.swift */,
				716464A5276193EB007F4D45 /* Tab.swift */,
				716464B72766CC44007F4D45 /* Download.swift */,
			);
			path = Model;
			sourceTree = "<group>";
		};
		7248B8106088AE98E173CB75 /* Pods */ = {
			isa = PBXGroup;
			children = (
				FC87FB88CABEE0DB8658118E /* Pods-ArcticFoxAudio.debug.xcconfig */,
				267511BE17A8E9228998CC2F /* Pods-ArcticFoxAudio.release.xcconfig */,
				0728ED56F52D6F242782780B /* Pods-ArcticFoxAudio-ArcticFoxAudioUITests.debug.xcconfig */,
				BC069CA4909B6EEB6FF70D40 /* Pods-ArcticFoxAudio-ArcticFoxAudioUITests.release.xcconfig */,
				864162374BD0DEA82DB4470F /* Pods-ArcticFoxAudioTests.debug.xcconfig */,
				23395E8C0B71233B8D1D1359 /* Pods-ArcticFoxAudioTests.release.xcconfig */,
			);
			path = Pods;
			sourceTree = "<group>";
		};
/* End PBXGroup section */

/* Begin PBXNativeTarget section */
		7184FBCF275EDD7B0090D15A /* ArcticFoxAudio */ = {
			isa = PBXNativeTarget;
			buildConfigurationList = 7184FBF4275EDD7D0090D15A /* Build configuration list for PBXNativeTarget "ArcticFoxAudio" */;
			buildPhases = (
				EB747B6CD5F13CDAF92D4ED1 /* [CP] Check Pods Manifest.lock */,
				7184FBCC275EDD7B0090D15A /* Sources */,
				7184FBCD275EDD7B0090D15A /* Frameworks */,
				7184FBCE275EDD7B0090D15A /* Resources */,
				1BCAFCB4329A9530DBF2B3F6 /* [CP] Embed Pods Frameworks */,
			);
			buildRules = (
			);
			dependencies = (
			);
			name = ArcticFoxAudio;
			productName = ArcticFoxAudio;
			productReference = 7184FBD0275EDD7B0090D15A /* ArcticFoxAudio.app */;
			productType = "com.apple.product-type.application";
		};
		7184FBDF275EDD7C0090D15A /* ArcticFoxAudioTests */ = {
			isa = PBXNativeTarget;
			buildConfigurationList = 7184FBF7275EDD7D0090D15A /* Build configuration list for PBXNativeTarget "ArcticFoxAudioTests" */;
			buildPhases = (
				4409078E1D1E233068C8E8C8 /* [CP] Check Pods Manifest.lock */,
				7184FBDC275EDD7C0090D15A /* Sources */,
				7184FBDD275EDD7C0090D15A /* Frameworks */,
				7184FBDE275EDD7C0090D15A /* Resources */,
			);
			buildRules = (
			);
			dependencies = (
				7184FBE2275EDD7C0090D15A /* PBXTargetDependency */,
			);
			name = ArcticFoxAudioTests;
			productName = ArcticFoxAudioTests;
			productReference = 7184FBE0275EDD7C0090D15A /* ArcticFoxAudioTests.xctest */;
			productType = "com.apple.product-type.bundle.unit-test";
		};
		7184FBE9275EDD7D0090D15A /* ArcticFoxAudioUITests */ = {
			isa = PBXNativeTarget;
			buildConfigurationList = 7184FBFA275EDD7D0090D15A /* Build configuration list for PBXNativeTarget "ArcticFoxAudioUITests" */;
			buildPhases = (
				33FE89B880E2527A16691B53 /* [CP] Check Pods Manifest.lock */,
				7184FBE6275EDD7D0090D15A /* Sources */,
				7184FBE7275EDD7D0090D15A /* Frameworks */,
				7184FBE8275EDD7D0090D15A /* Resources */,
				294016D20A18F697F7EC2B03 /* [CP] Embed Pods Frameworks */,
			);
			buildRules = (
			);
			dependencies = (
				7184FBEC275EDD7D0090D15A /* PBXTargetDependency */,
			);
			name = ArcticFoxAudioUITests;
			productName = ArcticFoxAudioUITests;
			productReference = 7184FBEA275EDD7D0090D15A /* ArcticFoxAudioUITests.xctest */;
			productType = "com.apple.product-type.bundle.ui-testing";
		};
/* End PBXNativeTarget section */

/* Begin PBXProject section */
		7184FBC8275EDD7B0090D15A /* Project object */ = {
			isa = PBXProject;
			attributes = {
				BuildIndependentTargetsInParallel = 1;
				LastSwiftUpdateCheck = 1310;
				LastUpgradeCheck = 1310;
				TargetAttributes = {
					7184FBCF275EDD7B0090D15A = {
						CreatedOnToolsVersion = 13.1;
					};
					7184FBDF275EDD7C0090D15A = {
						CreatedOnToolsVersion = 13.1;
						TestTargetID = 7184FBCF275EDD7B0090D15A;
					};
					7184FBE9275EDD7D0090D15A = {
						CreatedOnToolsVersion = 13.1;
						TestTargetID = 7184FBCF275EDD7B0090D15A;
					};
				};
			};
			buildConfigurationList = 7184FBCB275EDD7B0090D15A /* Build configuration list for PBXProject "ArcticFoxAudio" */;
			compatibilityVersion = "Xcode 13.0";
			developmentRegion = en;
			hasScannedForEncodings = 0;
			knownRegions = (
				en,
				Base,
			);
			mainGroup = 7184FBC7275EDD7B0090D15A;
			productRefGroup = 7184FBD1275EDD7B0090D15A /* Products */;
			projectDirPath = "";
			projectRoot = "";
			targets = (
				7184FBCF275EDD7B0090D15A /* ArcticFoxAudio */,
				7184FBDF275EDD7C0090D15A /* ArcticFoxAudioTests */,
				7184FBE9275EDD7D0090D15A /* ArcticFoxAudioUITests */,
			);
		};
/* End PBXProject section */

/* Begin PBXResourcesBuildPhase section */
		7184FBCE275EDD7B0090D15A /* Resources */ = {
			isa = PBXResourcesBuildPhase;
			buildActionMask = 2147483647;
			files = (
				716464AB27655114007F4D45 /* splash.json in Resources */,
				7184FBDB275EDD7C0090D15A /* Preview Assets.xcassets in Resources */,
				7184FBD8275EDD7C0090D15A /* Assets.xcassets in Resources */,
			);
			runOnlyForDeploymentPostprocessing = 0;
		};
		7184FBDE275EDD7C0090D15A /* Resources */ = {
			isa = PBXResourcesBuildPhase;
			buildActionMask = 2147483647;
			files = (
			);
			runOnlyForDeploymentPostprocessing = 0;
		};
		7184FBE8275EDD7D0090D15A /* Resources */ = {
			isa = PBXResourcesBuildPhase;
			buildActionMask = 2147483647;
			files = (
			);
			runOnlyForDeploymentPostprocessing = 0;
		};
/* End PBXResourcesBuildPhase section */

/* Begin PBXShellScriptBuildPhase section */
		1BCAFCB4329A9530DBF2B3F6 /* [CP] Embed Pods Frameworks */ = {
			isa = PBXShellScriptBuildPhase;
			buildActionMask = 2147483647;
			files = (
			);
			inputFileListPaths = (
				"${PODS_ROOT}/Target Support Files/Pods-ArcticFoxAudio/Pods-ArcticFoxAudio-frameworks-${CONFIGURATION}-input-files.xcfilelist",
			);
			name = "[CP] Embed Pods Frameworks";
			outputFileListPaths = (
				"${PODS_ROOT}/Target Support Files/Pods-ArcticFoxAudio/Pods-ArcticFoxAudio-frameworks-${CONFIGURATION}-output-files.xcfilelist",
			);
			runOnlyForDeploymentPostprocessing = 0;
			shellPath = /bin/sh;
			shellScript = "\"${PODS_ROOT}/Target Support Files/Pods-ArcticFoxAudio/Pods-ArcticFoxAudio-frameworks.sh\"\n";
			showEnvVarsInLog = 0;
		};
		294016D20A18F697F7EC2B03 /* [CP] Embed Pods Frameworks */ = {
			isa = PBXShellScriptBuildPhase;
			buildActionMask = 2147483647;
			files = (
			);
			inputFileListPaths = (
				"${PODS_ROOT}/Target Support Files/Pods-ArcticFoxAudio-ArcticFoxAudioUITests/Pods-ArcticFoxAudio-ArcticFoxAudioUITests-frameworks-${CONFIGURATION}-input-files.xcfilelist",
			);
			name = "[CP] Embed Pods Frameworks";
			outputFileListPaths = (
				"${PODS_ROOT}/Target Support Files/Pods-ArcticFoxAudio-ArcticFoxAudioUITests/Pods-ArcticFoxAudio-ArcticFoxAudioUITests-frameworks-${CONFIGURATION}-output-files.xcfilelist",
			);
			runOnlyForDeploymentPostprocessing = 0;
			shellPath = /bin/sh;
			shellScript = "\"${PODS_ROOT}/Target Support Files/Pods-ArcticFoxAudio-ArcticFoxAudioUITests/Pods-ArcticFoxAudio-ArcticFoxAudioUITests-frameworks.sh\"\n";
			showEnvVarsInLog = 0;
		};
		33FE89B880E2527A16691B53 /* [CP] Check Pods Manifest.lock */ = {
			isa = PBXShellScriptBuildPhase;
			buildActionMask = 2147483647;
			files = (
			);
			inputFileListPaths = (
			);
			inputPaths = (
				"${PODS_PODFILE_DIR_PATH}/Podfile.lock",
				"${PODS_ROOT}/Manifest.lock",
			);
			name = "[CP] Check Pods Manifest.lock";
			outputFileListPaths = (
			);
			outputPaths = (
				"$(DERIVED_FILE_DIR)/Pods-ArcticFoxAudio-ArcticFoxAudioUITests-checkManifestLockResult.txt",
			);
			runOnlyForDeploymentPostprocessing = 0;
			shellPath = /bin/sh;
			shellScript = "diff \"${PODS_PODFILE_DIR_PATH}/Podfile.lock\" \"${PODS_ROOT}/Manifest.lock\" > /dev/null\nif [ $? != 0 ] ; then\n    # print error to STDERR\n    echo \"error: The sandbox is not in sync with the Podfile.lock. Run 'pod install' or update your CocoaPods installation.\" >&2\n    exit 1\nfi\n# This output is used by Xcode 'outputs' to avoid re-running this script phase.\necho \"SUCCESS\" > \"${SCRIPT_OUTPUT_FILE_0}\"\n";
			showEnvVarsInLog = 0;
		};
		4409078E1D1E233068C8E8C8 /* [CP] Check Pods Manifest.lock */ = {
			isa = PBXShellScriptBuildPhase;
			buildActionMask = 2147483647;
			files = (
			);
			inputFileListPaths = (
			);
			inputPaths = (
				"${PODS_PODFILE_DIR_PATH}/Podfile.lock",
				"${PODS_ROOT}/Manifest.lock",
			);
			name = "[CP] Check Pods Manifest.lock";
			outputFileListPaths = (
			);
			outputPaths = (
				"$(DERIVED_FILE_DIR)/Pods-ArcticFoxAudioTests-checkManifestLockResult.txt",
			);
			runOnlyForDeploymentPostprocessing = 0;
			shellPath = /bin/sh;
			shellScript = "diff \"${PODS_PODFILE_DIR_PATH}/Podfile.lock\" \"${PODS_ROOT}/Manifest.lock\" > /dev/null\nif [ $? != 0 ] ; then\n    # print error to STDERR\n    echo \"error: The sandbox is not in sync with the Podfile.lock. Run 'pod install' or update your CocoaPods installation.\" >&2\n    exit 1\nfi\n# This output is used by Xcode 'outputs' to avoid re-running this script phase.\necho \"SUCCESS\" > \"${SCRIPT_OUTPUT_FILE_0}\"\n";
			showEnvVarsInLog = 0;
		};
		EB747B6CD5F13CDAF92D4ED1 /* [CP] Check Pods Manifest.lock */ = {
			isa = PBXShellScriptBuildPhase;
			buildActionMask = 2147483647;
			files = (
			);
			inputFileListPaths = (
			);
			inputPaths = (
				"${PODS_PODFILE_DIR_PATH}/Podfile.lock",
				"${PODS_ROOT}/Manifest.lock",
			);
			name = "[CP] Check Pods Manifest.lock";
			outputFileListPaths = (
			);
			outputPaths = (
				"$(DERIVED_FILE_DIR)/Pods-ArcticFoxAudio-checkManifestLockResult.txt",
			);
			runOnlyForDeploymentPostprocessing = 0;
			shellPath = /bin/sh;
			shellScript = "diff \"${PODS_PODFILE_DIR_PATH}/Podfile.lock\" \"${PODS_ROOT}/Manifest.lock\" > /dev/null\nif [ $? != 0 ] ; then\n    # print error to STDERR\n    echo \"error: The sandbox is not in sync with the Podfile.lock. Run 'pod install' or update your CocoaPods installation.\" >&2\n    exit 1\nfi\n# This output is used by Xcode 'outputs' to avoid re-running this script phase.\necho \"SUCCESS\" > \"${SCRIPT_OUTPUT_FILE_0}\"\n";
			showEnvVarsInLog = 0;
		};
/* End PBXShellScriptBuildPhase section */

/* Begin PBXSourcesBuildPhase section */
		7184FBCC275EDD7B0090D15A /* Sources */ = {
			isa = PBXSourcesBuildPhase;
			buildActionMask = 2147483647;
			files = (
				7184FBFE275EE3FA0090D15A /* SignUpView.swift in Sources */,
				7184FC08275EE4AC0090D15A /* SettingsView.swift in Sources */,
				7184FC06275EE48F0090D15A /* HomeView.swift in Sources */,
				716464BE27692378007F4D45 /* Miniplayer.swift in Sources */,
				716464B22766B777007F4D45 /* GlobalProfile.swift in Sources */,
				7184FC00275EE40A0090D15A /* LoginView.swift in Sources */,
				716464BC2766CC6D007F4D45 /* BarGraph.swift in Sources */,
				7184FC04275EE4780090D15A /* OnboardingView.swift in Sources */,
				716464B42766B786007F4D45 /* AuthProfile.swift in Sources */,
				7184FC0E275EE5300090D15A /* ChapterView.swift in Sources */,
				716464B62766BF68007F4D45 /* RecentlyView.swift in Sources */,
				716464AF2766B43A007F4D45 /* BrowseView.swift in Sources */,
				7184FC02275EE44C0090D15A /* ForgotPasswordView.swift in Sources */,
				716464B82766CC44007F4D45 /* Download.swift in Sources */,
				716464C0276923BC007F4D45 /* BlurView.swift in Sources */,
				716464AD2765768A007F4D45 /* resetPassView.swift in Sources */,
				7184FBD4275EDD7B0090D15A /* ArcticFoxAudioApp.swift in Sources */,
				7184FC0C275EE5190090D15A /* BookView.swift in Sources */,
				716464C227693594007F4D45 /* FillerView.swift in Sources */,
				7184FC16275F07590090D15A /* Song.swift in Sources */,
				7184FC13275F07140090D15A /* SideTabView.swift in Sources */,
				716464A6276193EB007F4D45 /* Tab.swift in Sources */,
			);
			runOnlyForDeploymentPostprocessing = 0;
		};
		7184FBDC275EDD7C0090D15A /* Sources */ = {
			isa = PBXSourcesBuildPhase;
			buildActionMask = 2147483647;
			files = (
				7184FBE5275EDD7C0090D15A /* ArcticFoxAudioTests.swift in Sources */,
			);
			runOnlyForDeploymentPostprocessing = 0;
		};
		7184FBE6275EDD7D0090D15A /* Sources */ = {
			isa = PBXSourcesBuildPhase;
			buildActionMask = 2147483647;
			files = (
				7184FBEF275EDD7D0090D15A /* ArcticFoxAudioUITests.swift in Sources */,
				7184FBF1275EDD7D0090D15A /* ArcticFoxAudioUITestsLaunchTests.swift in Sources */,
			);
			runOnlyForDeploymentPostprocessing = 0;
		};
/* End PBXSourcesBuildPhase section */

/* Begin PBXTargetDependency section */
		7184FBE2275EDD7C0090D15A /* PBXTargetDependency */ = {
			isa = PBXTargetDependency;
			target = 7184FBCF275EDD7B0090D15A /* ArcticFoxAudio */;
			targetProxy = 7184FBE1275EDD7C0090D15A /* PBXContainerItemProxy */;
		};
		7184FBEC275EDD7D0090D15A /* PBXTargetDependency */ = {
			isa = PBXTargetDependency;
			target = 7184FBCF275EDD7B0090D15A /* ArcticFoxAudio */;
			targetProxy = 7184FBEB275EDD7D0090D15A /* PBXContainerItemProxy */;
		};
/* End PBXTargetDependency section */

/* Begin XCBuildConfiguration section */
		7184FBF2275EDD7D0090D15A /* Debug */ = {
			isa = XCBuildConfiguration;
			buildSettings = {
				ALWAYS_SEARCH_USER_PATHS = NO;
				CLANG_ANALYZER_NONNULL = YES;
				CLANG_ANALYZER_NUMBER_OBJECT_CONVERSION = YES_AGGRESSIVE;
				CLANG_CXX_LANGUAGE_STANDARD = "gnu++17";
				CLANG_CXX_LIBRARY = "libc++";
				CLANG_ENABLE_MODULES = YES;
				CLANG_ENABLE_OBJC_ARC = YES;
				CLANG_ENABLE_OBJC_WEAK = YES;
				CLANG_WARN_BLOCK_CAPTURE_AUTORELEASING = YES;
				CLANG_WARN_BOOL_CONVERSION = YES;
				CLANG_WARN_COMMA = YES;
				CLANG_WARN_CONSTANT_CONVERSION = YES;
				CLANG_WARN_DEPRECATED_OBJC_IMPLEMENTATIONS = YES;
				CLANG_WARN_DIRECT_OBJC_ISA_USAGE = YES_ERROR;
				CLANG_WARN_DOCUMENTATION_COMMENTS = YES;
				CLANG_WARN_EMPTY_BODY = YES;
				CLANG_WARN_ENUM_CONVERSION = YES;
				CLANG_WARN_INFINITE_RECURSION = YES;
				CLANG_WARN_INT_CONVERSION = YES;
				CLANG_WARN_NON_LITERAL_NULL_CONVERSION = YES;
				CLANG_WARN_OBJC_IMPLICIT_RETAIN_SELF = YES;
				CLANG_WARN_OBJC_LITERAL_CONVERSION = YES;
				CLANG_WARN_OBJC_ROOT_CLASS = YES_ERROR;
				CLANG_WARN_QUOTED_INCLUDE_IN_FRAMEWORK_HEADER = YES;
				CLANG_WARN_RANGE_LOOP_ANALYSIS = YES;
				CLANG_WARN_STRICT_PROTOTYPES = YES;
				CLANG_WARN_SUSPICIOUS_MOVE = YES;
				CLANG_WARN_UNGUARDED_AVAILABILITY = YES_AGGRESSIVE;
				CLANG_WARN_UNREACHABLE_CODE = YES;
				CLANG_WARN__DUPLICATE_METHOD_MATCH = YES;
				COPY_PHASE_STRIP = NO;
				DEBUG_INFORMATION_FORMAT = dwarf;
				ENABLE_STRICT_OBJC_MSGSEND = YES;
				ENABLE_TESTABILITY = YES;
				GCC_C_LANGUAGE_STANDARD = gnu11;
				GCC_DYNAMIC_NO_PIC = NO;
				GCC_NO_COMMON_BLOCKS = YES;
				GCC_OPTIMIZATION_LEVEL = 0;
				GCC_PREPROCESSOR_DEFINITIONS = (
					"DEBUG=1",
					"$(inherited)",
				);
				GCC_WARN_64_TO_32_BIT_CONVERSION = YES;
				GCC_WARN_ABOUT_RETURN_TYPE = YES_ERROR;
				GCC_WARN_UNDECLARED_SELECTOR = YES;
				GCC_WARN_UNINITIALIZED_AUTOS = YES_AGGRESSIVE;
				GCC_WARN_UNUSED_FUNCTION = YES;
				GCC_WARN_UNUSED_VARIABLE = YES;
				IPHONEOS_DEPLOYMENT_TARGET = 15.0;
				MTL_ENABLE_DEBUG_INFO = INCLUDE_SOURCE;
				MTL_FAST_MATH = YES;
				ONLY_ACTIVE_ARCH = YES;
				SDKROOT = iphoneos;
				SWIFT_ACTIVE_COMPILATION_CONDITIONS = DEBUG;
				SWIFT_OPTIMIZATION_LEVEL = "-Onone";
			};
			name = Debug;
		};
		7184FBF3275EDD7D0090D15A /* Release */ = {
			isa = XCBuildConfiguration;
			buildSettings = {
				ALWAYS_SEARCH_USER_PATHS = NO;
				CLANG_ANALYZER_NONNULL = YES;
				CLANG_ANALYZER_NUMBER_OBJECT_CONVERSION = YES_AGGRESSIVE;
				CLANG_CXX_LANGUAGE_STANDARD = "gnu++17";
				CLANG_CXX_LIBRARY = "libc++";
				CLANG_ENABLE_MODULES = YES;
				CLANG_ENABLE_OBJC_ARC = YES;
				CLANG_ENABLE_OBJC_WEAK = YES;
				CLANG_WARN_BLOCK_CAPTURE_AUTORELEASING = YES;
				CLANG_WARN_BOOL_CONVERSION = YES;
				CLANG_WARN_COMMA = YES;
				CLANG_WARN_CONSTANT_CONVERSION = YES;
				CLANG_WARN_DEPRECATED_OBJC_IMPLEMENTATIONS = YES;
				CLANG_WARN_DIRECT_OBJC_ISA_USAGE = YES_ERROR;
				CLANG_WARN_DOCUMENTATION_COMMENTS = YES;
				CLANG_WARN_EMPTY_BODY = YES;
				CLANG_WARN_ENUM_CONVERSION = YES;
				CLANG_WARN_INFINITE_RECURSION = YES;
				CLANG_WARN_INT_CONVERSION = YES;
				CLANG_WARN_NON_LITERAL_NULL_CONVERSION = YES;
				CLANG_WARN_OBJC_IMPLICIT_RETAIN_SELF = YES;
				CLANG_WARN_OBJC_LITERAL_CONVERSION = YES;
				CLANG_WARN_OBJC_ROOT_CLASS = YES_ERROR;
				CLANG_WARN_QUOTED_INCLUDE_IN_FRAMEWORK_HEADER = YES;
				CLANG_WARN_RANGE_LOOP_ANALYSIS = YES;
				CLANG_WARN_STRICT_PROTOTYPES = YES;
				CLANG_WARN_SUSPICIOUS_MOVE = YES;
				CLANG_WARN_UNGUARDED_AVAILABILITY = YES_AGGRESSIVE;
				CLANG_WARN_UNREACHABLE_CODE = YES;
				CLANG_WARN__DUPLICATE_METHOD_MATCH = YES;
				COPY_PHASE_STRIP = NO;
				DEBUG_INFORMATION_FORMAT = "dwarf-with-dsym";
				ENABLE_NS_ASSERTIONS = NO;
				ENABLE_STRICT_OBJC_MSGSEND = YES;
				GCC_C_LANGUAGE_STANDARD = gnu11;
				GCC_NO_COMMON_BLOCKS = YES;
				GCC_WARN_64_TO_32_BIT_CONVERSION = YES;
				GCC_WARN_ABOUT_RETURN_TYPE = YES_ERROR;
				GCC_WARN_UNDECLARED_SELECTOR = YES;
				GCC_WARN_UNINITIALIZED_AUTOS = YES_AGGRESSIVE;
				GCC_WARN_UNUSED_FUNCTION = YES;
				GCC_WARN_UNUSED_VARIABLE = YES;
				IPHONEOS_DEPLOYMENT_TARGET = 15.0;
				MTL_ENABLE_DEBUG_INFO = NO;
				MTL_FAST_MATH = YES;
				SDKROOT = iphoneos;
				SWIFT_COMPILATION_MODE = wholemodule;
				SWIFT_OPTIMIZATION_LEVEL = "-O";
				VALIDATE_PRODUCT = YES;
			};
			name = Release;
		};
		7184FBF5275EDD7D0090D15A /* Debug */ = {
			isa = XCBuildConfiguration;
			baseConfigurationReference = FC87FB88CABEE0DB8658118E /* Pods-ArcticFoxAudio.debug.xcconfig */;
			buildSettings = {
				ASSETCATALOG_COMPILER_APPICON_NAME = AppIcon;
				ASSETCATALOG_COMPILER_GLOBAL_ACCENT_COLOR_NAME = AccentColor;
				CODE_SIGN_STYLE = Automatic;
				CURRENT_PROJECT_VERSION = 1;
				DEVELOPMENT_ASSET_PATHS = "\"ArcticFoxAudio/Preview Content\"";
				DEVELOPMENT_TEAM = HF6A4B2UWM;
				ENABLE_PREVIEWS = YES;
				GENERATE_INFOPLIST_FILE = YES;
				INFOPLIST_KEY_UIApplicationSceneManifest_Generation = YES;
				INFOPLIST_KEY_UIApplicationSupportsIndirectInputEvents = YES;
				INFOPLIST_KEY_UILaunchScreen_Generation = YES;
				INFOPLIST_KEY_UISupportedInterfaceOrientations_iPad = "UIInterfaceOrientationPortrait UIInterfaceOrientationPortraitUpsideDown UIInterfaceOrientationLandscapeLeft UIInterfaceOrientationLandscapeRight";
				INFOPLIST_KEY_UISupportedInterfaceOrientations_iPhone = "UIInterfaceOrientationPortrait UIInterfaceOrientationLandscapeLeft UIInterfaceOrientationLandscapeRight";
				LD_RUNPATH_SEARCH_PATHS = (
					"$(inherited)",
					"@executable_path/Frameworks",
				);
				MARKETING_VERSION = 1.0;
				PRODUCT_BUNDLE_IDENTIFIER = haydenfrea.ArcticFoxAudio;
				PRODUCT_NAME = "$(TARGET_NAME)";
				SWIFT_EMIT_LOC_STRINGS = YES;
				SWIFT_VERSION = 5.0;
				TARGETED_DEVICE_FAMILY = "1,2";
			};
			name = Debug;
		};
		7184FBF6275EDD7D0090D15A /* Release */ = {
			isa = XCBuildConfiguration;
			baseConfigurationReference = 267511BE17A8E9228998CC2F /* Pods-ArcticFoxAudio.release.xcconfig */;
			buildSettings = {
				ASSETCATALOG_COMPILER_APPICON_NAME = AppIcon;
				ASSETCATALOG_COMPILER_GLOBAL_ACCENT_COLOR_NAME = AccentColor;
				CODE_SIGN_STYLE = Automatic;
				CURRENT_PROJECT_VERSION = 1;
				DEVELOPMENT_ASSET_PATHS = "\"ArcticFoxAudio/Preview Content\"";
				DEVELOPMENT_TEAM = HF6A4B2UWM;
				ENABLE_PREVIEWS = YES;
				GENERATE_INFOPLIST_FILE = YES;
				INFOPLIST_KEY_UIApplicationSceneManifest_Generation = YES;
				INFOPLIST_KEY_UIApplicationSupportsIndirectInputEvents = YES;
				INFOPLIST_KEY_UILaunchScreen_Generation = YES;
				INFOPLIST_KEY_UISupportedInterfaceOrientations_iPad = "UIInterfaceOrientationPortrait UIInterfaceOrientationPortraitUpsideDown UIInterfaceOrientationLandscapeLeft UIInterfaceOrientationLandscapeRight";
				INFOPLIST_KEY_UISupportedInterfaceOrientations_iPhone = "UIInterfaceOrientationPortrait UIInterfaceOrientationLandscapeLeft UIInterfaceOrientationLandscapeRight";
				LD_RUNPATH_SEARCH_PATHS = (
					"$(inherited)",
					"@executable_path/Frameworks",
				);
				MARKETING_VERSION = 1.0;
				PRODUCT_BUNDLE_IDENTIFIER = haydenfrea.ArcticFoxAudio;
				PRODUCT_NAME = "$(TARGET_NAME)";
				SWIFT_EMIT_LOC_STRINGS = YES;
				SWIFT_VERSION = 5.0;
				TARGETED_DEVICE_FAMILY = "1,2";
			};
			name = Release;
		};
		7184FBF8275EDD7D0090D15A /* Debug */ = {
			isa = XCBuildConfiguration;
			baseConfigurationReference = 864162374BD0DEA82DB4470F /* Pods-ArcticFoxAudioTests.debug.xcconfig */;
			buildSettings = {
				ALWAYS_EMBED_SWIFT_STANDARD_LIBRARIES = YES;
				BUNDLE_LOADER = "$(TEST_HOST)";
				CODE_SIGN_STYLE = Automatic;
				CURRENT_PROJECT_VERSION = 1;
				DEVELOPMENT_TEAM = HF6A4B2UWM;
				GENERATE_INFOPLIST_FILE = YES;
				IPHONEOS_DEPLOYMENT_TARGET = 15.0;
				LD_RUNPATH_SEARCH_PATHS = (
					"$(inherited)",
					"@executable_path/Frameworks",
					"@loader_path/Frameworks",
				);
				MARKETING_VERSION = 1.0;
				PRODUCT_BUNDLE_IDENTIFIER = haydenfrea.ArcticFoxAudioTests;
				PRODUCT_NAME = "$(TARGET_NAME)";
				SWIFT_EMIT_LOC_STRINGS = NO;
				SWIFT_VERSION = 5.0;
				TARGETED_DEVICE_FAMILY = "1,2";
				TEST_HOST = "$(BUILT_PRODUCTS_DIR)/ArcticFoxAudio.app/ArcticFoxAudio";
			};
			name = Debug;
		};
		7184FBF9275EDD7D0090D15A /* Release */ = {
			isa = XCBuildConfiguration;
			baseConfigurationReference = 23395E8C0B71233B8D1D1359 /* Pods-ArcticFoxAudioTests.release.xcconfig */;
			buildSettings = {
				ALWAYS_EMBED_SWIFT_STANDARD_LIBRARIES = YES;
				BUNDLE_LOADER = "$(TEST_HOST)";
				CODE_SIGN_STYLE = Automatic;
				CURRENT_PROJECT_VERSION = 1;
				DEVELOPMENT_TEAM = HF6A4B2UWM;
				GENERATE_INFOPLIST_FILE = YES;
				IPHONEOS_DEPLOYMENT_TARGET = 15.0;
				LD_RUNPATH_SEARCH_PATHS = (
					"$(inherited)",
					"@executable_path/Frameworks",
					"@loader_path/Frameworks",
				);
				MARKETING_VERSION = 1.0;
				PRODUCT_BUNDLE_IDENTIFIER = haydenfrea.ArcticFoxAudioTests;
				PRODUCT_NAME = "$(TARGET_NAME)";
				SWIFT_EMIT_LOC_STRINGS = NO;
				SWIFT_VERSION = 5.0;
				TARGETED_DEVICE_FAMILY = "1,2";
				TEST_HOST = "$(BUILT_PRODUCTS_DIR)/ArcticFoxAudio.app/ArcticFoxAudio";
			};
			name = Release;
		};
		7184FBFB275EDD7D0090D15A /* Debug */ = {
			isa = XCBuildConfiguration;
			baseConfigurationReference = 0728ED56F52D6F242782780B /* Pods-ArcticFoxAudio-ArcticFoxAudioUITests.debug.xcconfig */;
			buildSettings = {
				ALWAYS_EMBED_SWIFT_STANDARD_LIBRARIES = YES;
				CODE_SIGN_STYLE = Automatic;
				CURRENT_PROJECT_VERSION = 1;
				DEVELOPMENT_TEAM = HF6A4B2UWM;
				GENERATE_INFOPLIST_FILE = YES;
				LD_RUNPATH_SEARCH_PATHS = (
					"$(inherited)",
					"@executable_path/Frameworks",
					"@loader_path/Frameworks",
				);
				MARKETING_VERSION = 1.0;
				PRODUCT_BUNDLE_IDENTIFIER = haydenfrea.ArcticFoxAudioUITests;
				PRODUCT_NAME = "$(TARGET_NAME)";
				SWIFT_EMIT_LOC_STRINGS = NO;
				SWIFT_VERSION = 5.0;
				TARGETED_DEVICE_FAMILY = "1,2";
				TEST_TARGET_NAME = ArcticFoxAudio;
			};
			name = Debug;
		};
		7184FBFC275EDD7D0090D15A /* Release */ = {
			isa = XCBuildConfiguration;
			baseConfigurationReference = BC069CA4909B6EEB6FF70D40 /* Pods-ArcticFoxAudio-ArcticFoxAudioUITests.release.xcconfig */;
			buildSettings = {
				ALWAYS_EMBED_SWIFT_STANDARD_LIBRARIES = YES;
				CODE_SIGN_STYLE = Automatic;
				CURRENT_PROJECT_VERSION = 1;
				DEVELOPMENT_TEAM = HF6A4B2UWM;
				GENERATE_INFOPLIST_FILE = YES;
				LD_RUNPATH_SEARCH_PATHS = (
					"$(inherited)",
					"@executable_path/Frameworks",
					"@loader_path/Frameworks",
				);
				MARKETING_VERSION = 1.0;
				PRODUCT_BUNDLE_IDENTIFIER = haydenfrea.ArcticFoxAudioUITests;
				PRODUCT_NAME = "$(TARGET_NAME)";
				SWIFT_EMIT_LOC_STRINGS = NO;
				SWIFT_VERSION = 5.0;
				TARGETED_DEVICE_FAMILY = "1,2";
				TEST_TARGET_NAME = ArcticFoxAudio;
			};
			name = Release;
		};
/* End XCBuildConfiguration section */

/* Begin XCConfigurationList section */
		7184FBCB275EDD7B0090D15A /* Build configuration list for PBXProject "ArcticFoxAudio" */ = {
			isa = XCConfigurationList;
			buildConfigurations = (
				7184FBF2275EDD7D0090D15A /* Debug */,
				7184FBF3275EDD7D0090D15A /* Release */,
			);
			defaultConfigurationIsVisible = 0;
			defaultConfigurationName = Release;
		};
		7184FBF4275EDD7D0090D15A /* Build configuration list for PBXNativeTarget "ArcticFoxAudio" */ = {
			isa = XCConfigurationList;
			buildConfigurations = (
				7184FBF5275EDD7D0090D15A /* Debug */,
				7184FBF6275EDD7D0090D15A /* Release */,
			);
			defaultConfigurationIsVisible = 0;
			defaultConfigurationName = Release;
		};
		7184FBF7275EDD7D0090D15A /* Build configuration list for PBXNativeTarget "ArcticFoxAudioTests" */ = {
			isa = XCConfigurationList;
			buildConfigurations = (
				7184FBF8275EDD7D0090D15A /* Debug */,
				7184FBF9275EDD7D0090D15A /* Release */,
			);
			defaultConfigurationIsVisible = 0;
			defaultConfigurationName = Release;
		};
		7184FBFA275EDD7D0090D15A /* Build configuration list for PBXNativeTarget "ArcticFoxAudioUITests" */ = {
			isa = XCConfigurationList;
			buildConfigurations = (
				7184FBFB275EDD7D0090D15A /* Debug */,
				7184FBFC275EDD7D0090D15A /* Release */,
			);
			defaultConfigurationIsVisible = 0;
			defaultConfigurationName = Release;
		};
/* End XCConfigurationList section */
	};
	rootObject = 7184FBC8275EDD7B0090D15A /* Project object */;
}
